
Microsoft Visual Studio Solution File, Format Version 12.00
# Visual Studio Version 17
VisualStudioVersion = 17.3.32922.545
MinimumVisualStudioVersion = 10.0.40219.1
Project("{8BC9CEB8-8B4A-11D0-8D11-00A0C91BC942}") = "Serial_Methods_of_Data_Sorting", "Serial_Methods_of_Data_Sorting\Serial_Methods_of_Data_Sorting.vcxproj", "{9C71E43D-6FAB-4719-83DE-DB6243DABBA9}"
EndProject
Global
	GlobalSection(SolutionConfigurationPlatforms) = preSolution
		Debug|x64 = Debug|x64
		Debug|x86 = Debug|x86
		Release|x64 = Release|x64
		Release|x86 = Release|x86
	EndGlobalSection
	GlobalSection(ProjectConfigurationPlatforms) = postSolution
		{9C71E43D-6FAB-4719-83DE-DB6243DABBA9}.Debug|x64.ActiveCfg = Debug|x64
		{9C71E43D-6FAB-4719-83DE-DB6243DABBA9}.Debug|x64.Build.0 = Debug|x64
		{9C71E43D-6FAB-4719-83DE-DB6243DABBA9}.Debug|x86.ActiveCfg = Debug|Win32
		{9C71E43D-6FAB-4719-83DE-DB6243DABBA9}.Debug|x86.Build.0 = Debug|Win32
		{9C71E43D-6FAB-4719-83DE-DB6243DABBA9}.Release|x64.ActiveCfg = Release|x64
		{9C71E43D-6FAB-4719-83DE-DB6243DABBA9}.Release|x64.Build.0 = Release|x64
		{9C71E43D-6FAB-4719-83DE-DB6243DABBA9}.Release|x86.ActiveCfg = Release|Win32
		{9C71E43D-6FAB-4719-83DE-DB6243DABBA9}.Release|x86.Build.0 = Release|Win32
	EndGlobalSection
	GlobalSection(SolutionProperties) = preSolution
		HideSolutionNode = FALSE
	EndGlobalSection
	GlobalSection(ExtensibilityGlobals) = postSolution
		SolutionGuid = {73196687-2053-4D43-A623-6DA6A7FB84F9}
	EndGlobalSection
EndGlobal
